
Microsoft Visual Studio Solution File, Format Version 12.00
# Visual Studio Version 17
VisualStudioVersion = 17.4.33205.214
MinimumVisualStudioVersion = 10.0.40219.1
Project("{FAE04EC0-301F-11D3-BF4B-00C04F79EFBC}") = "EntityFrameworkdbfirst", "EntityFrameworkdbfirst\EntityFrameworkdbfirst.csproj", "{5A44B1ED-D821-442B-BBB4-40783102553B}"
EndProject
Global
	GlobalSection(SolutionConfigurationPlatforms) = preSolution
		Debug|Any CPU = Debug|Any CPU
		Release|Any CPU = Release|Any CPU
	EndGlobalSection
	GlobalSection(ProjectConfigurationPlatforms) = postSolution
		{5A44B1ED-D821-442B-BBB4-40783102553B}.Debug|Any CPU.ActiveCfg = Debug|Any CPU
		{5A44B1ED-D821-442B-BBB4-40783102553B}.Debug|Any CPU.Build.0 = Debug|Any CPU
		{5A44B1ED-D821-442B-BBB4-40783102553B}.Release|Any CPU.ActiveCfg = Release|Any CPU
		{5A44B1ED-D821-442B-BBB4-40783102553B}.Release|Any CPU.Build.0 = Release|Any CPU
	EndGlobalSection
	GlobalSection(SolutionProperties) = preSolution
		HideSolutionNode = FALSE
	EndGlobalSection
	GlobalSection(ExtensibilityGlobals) = postSolution
		SolutionGuid = {85A6097F-E7EC-4947-B278-81C48E38EC82}
	EndGlobalSection
EndGlobal
